// !$*UTF8*$!
{
	archiveVersion = 1;
	classes = {
	};
	objectVersion = 50;
	objects = {

/* Begin PBXBuildFile section */
		60A29EAC21BBB1D200CA819C /* AppDelegate.swift in Sources */ = {isa = PBXBuildFile; fileRef = 60A29EAB21BBB1D200CA819C /* AppDelegate.swift */; };
		60A29EAE21BBB1D200CA819C /* ViewController.swift in Sources */ = {isa = PBXBuildFile; fileRef = 60A29EAD21BBB1D200CA819C /* ViewController.swift */; };
		60A29EB121BBB1D200CA819C /* Main.storyboard in Resources */ = {isa = PBXBuildFile; fileRef = 60A29EAF21BBB1D200CA819C /* Main.storyboard */; };
		60A29EB421BBB1D200CA819C /* CoreDataHomeworkNote.xcdatamodeld in Sources */ = {isa = PBXBuildFile; fileRef = 60A29EB221BBB1D200CA819C /* CoreDataHomeworkNote.xcdatamodeld */; };
		60A29EB621BBB1D300CA819C /* Assets.xcassets in Resources */ = {isa = PBXBuildFile; fileRef = 60A29EB521BBB1D300CA819C /* Assets.xcassets */; };
		60A29EB921BBB1D300CA819C /* LaunchScreen.storyboard in Resources */ = {isa = PBXBuildFile; fileRef = 60A29EB721BBB1D300CA819C /* LaunchScreen.storyboard */; };
		60A29EC121BBF22B00CA819C /* NoteDetailViewController.swift in Sources */ = {isa = PBXBuildFile; fileRef = 60A29EC021BBF22B00CA819C /* NoteDetailViewController.swift */; };
		60A29EC921BBF33B00CA819C /* CustomCellCollectionViewCell.swift in Sources */ = {isa = PBXBuildFile; fileRef = 60A29EC721BBF33B00CA819C /* CustomCellCollectionViewCell.swift */; };
		60A29ECA21BBF33B00CA819C /* CustomCellCollectionViewCell.xib in Resources */ = {isa = PBXBuildFile; fileRef = 60A29EC821BBF33B00CA819C /* CustomCellCollectionViewCell.xib */; };
		60A29ED121BCAA0800CA819C /* fontawesome-webfont.ttf in Resources */ = {isa = PBXBuildFile; fileRef = 60A29ED021BCA9F700CA819C /* fontawesome-webfont.ttf */; };
		60A29ED821BCF5A300CA819C /* Localizable.strings in Resources */ = {isa = PBXBuildFile; fileRef = 60A29EDA21BCF5A300CA819C /* Localizable.strings */; };
/* End PBXBuildFile section */

/* Begin PBXFileReference section */
		60A29EA821BBB1D200CA819C /* CoreDataHomeworkNote.app */ = {isa = PBXFileReference; explicitFileType = wrapper.application; includeInIndex = 0; path = CoreDataHomeworkNote.app; sourceTree = BUILT_PRODUCTS_DIR; };
		60A29EAB21BBB1D200CA819C /* AppDelegate.swift */ = {isa = PBXFileReference; lastKnownFileType = sourcecode.swift; path = AppDelegate.swift; sourceTree = "<group>"; };
		60A29EAD21BBB1D200CA819C /* ViewController.swift */ = {isa = PBXFileReference; lastKnownFileType = sourcecode.swift; path = ViewController.swift; sourceTree = "<group>"; };
		60A29EB021BBB1D200CA819C /* Base */ = {isa = PBXFileReference; lastKnownFileType = file.storyboard; name = Base; path = Base.lproj/Main.storyboard; sourceTree = "<group>"; };
		60A29EB321BBB1D200CA819C /* CoreDataHomeworkNote.xcdatamodel */ = {isa = PBXFileReference; lastKnownFileType = wrapper.xcdatamodel; path = CoreDataHomeworkNote.xcdatamodel; sourceTree = "<group>"; };
		60A29EB521BBB1D300CA819C /* Assets.xcassets */ = {isa = PBXFileReference; lastKnownFileType = folder.assetcatalog; path = Assets.xcassets; sourceTree = "<group>"; };
		60A29EB821BBB1D300CA819C /* Base */ = {isa = PBXFileReference; lastKnownFileType = file.storyboard; name = Base; path = Base.lproj/LaunchScreen.storyboard; sourceTree = "<group>"; };
		60A29EBA21BBB1D300CA819C /* Info.plist */ = {isa = PBXFileReference; lastKnownFileType = text.plist.xml; path = Info.plist; sourceTree = "<group>"; };
		60A29EC021BBF22B00CA819C /* NoteDetailViewController.swift */ = {isa = PBXFileReference; lastKnownFileType = sourcecode.swift; path = NoteDetailViewController.swift; sourceTree = "<group>"; };
		60A29EC721BBF33B00CA819C /* CustomCellCollectionViewCell.swift */ = {isa = PBXFileReference; lastKnownFileType = sourcecode.swift; path = CustomCellCollectionViewCell.swift; sourceTree = "<group>"; };
		60A29EC821BBF33B00CA819C /* CustomCellCollectionViewCell.xib */ = {isa = PBXFileReference; lastKnownFileType = file.xib; path = CustomCellCollectionViewCell.xib; sourceTree = "<group>"; };
		60A29ED021BCA9F700CA819C /* fontawesome-webfont.ttf */ = {isa = PBXFileReference; lastKnownFileType = file; path = "fontawesome-webfont.ttf"; sourceTree = "<group>"; };
		60A29ED221BCF28A00CA819C /* km */ = {isa = PBXFileReference; lastKnownFileType = text.plist.strings; name = km; path = km.lproj/Main.strings; sourceTree = "<group>"; };
		60A29ED321BCF28A00CA819C /* km */ = {isa = PBXFileReference; lastKnownFileType = text.plist.strings; name = km; path = km.lproj/LaunchScreen.strings; sourceTree = "<group>"; };
		60A29ED421BCF2A300CA819C /* ko */ = {isa = PBXFileReference; lastKnownFileType = text.plist.strings; name = ko; path = ko.lproj/Main.strings; sourceTree = "<group>"; };
		60A29ED521BCF2A300CA819C /* ko */ = {isa = PBXFileReference; lastKnownFileType = text.plist.strings; name = ko; path = ko.lproj/LaunchScreen.strings; sourceTree = "<group>"; };
		60A29ED921BCF5A300CA819C /* km */ = {isa = PBXFileReference; lastKnownFileType = text.plist.strings; name = km; path = km.lproj/Localizable.strings; sourceTree = "<group>"; };
		60A29EDB21BCF5D000CA819C /* ko */ = {isa = PBXFileReference; lastKnownFileType = text.plist.strings; name = ko; path = ko.lproj/Localizable.strings; sourceTree = "<group>"; };
/* End PBXFileReference section */

/* Begin PBXFrameworksBuildPhase section */
		60A29EA521BBB1D200CA819C /* Frameworks */ = {
			isa = PBXFrameworksBuildPhase;
			buildActionMask = 2147483647;
			files = (
			);
			runOnlyForDeploymentPostprocessing = 0;
		};
/* End PBXFrameworksBuildPhase section */

/* Begin PBXGroup section */
		60A29E9F21BBB1D200CA819C = {
			isa = PBXGroup;
			children = (
				60A29EAA21BBB1D200CA819C /* CoreDataHomeworkNote */,
				60A29EA921BBB1D200CA819C /* Products */,
			);
			sourceTree = "<group>";
		};
		60A29EA921BBB1D200CA819C /* Products */ = {
			isa = PBXGroup;
			children = (
				60A29EA821BBB1D200CA819C /* CoreDataHomeworkNote.app */,
			);
			name = Products;
			sourceTree = "<group>";
		};
		60A29EAA21BBB1D200CA819C /* CoreDataHomeworkNote */ = {
			isa = PBXGroup;
			children = (
				60A29EC621BBF27F00CA819C /* supporting files */,
				60A29EC521BBF25E00CA819C /* CustomCell */,
				60A29EC421BBF25700CA819C /* view */,
				60A29EC321BBF24B00CA819C /* viewController */,
				60A29EC221BBF23900CA819C /* model */,
				60A29EBA21BBB1D300CA819C /* Info.plist */,
				60A29EB221BBB1D200CA819C /* CoreDataHomeworkNote.xcdatamodeld */,
			);
			path = CoreDataHomeworkNote;
			sourceTree = "<group>";
		};
		60A29EC221BBF23900CA819C /* model */ = {
			isa = PBXGroup;
			children = (
			);
			path = model;
			sourceTree = "<group>";
		};
		60A29EC321BBF24B00CA819C /* viewController */ = {
			isa = PBXGroup;
			children = (
				60A29EAD21BBB1D200CA819C /* ViewController.swift */,
				60A29EC021BBF22B00CA819C /* NoteDetailViewController.swift */,
			);
			path = viewController;
			sourceTree = "<group>";
		};
		60A29EC421BBF25700CA819C /* view */ = {
			isa = PBXGroup;
			children = (
				60A29EAF21BBB1D200CA819C /* Main.storyboard */,
				60A29EB721BBB1D300CA819C /* LaunchScreen.storyboard */,
			);
			path = view;
			sourceTree = "<group>";
		};
		60A29EC521BBF25E00CA819C /* CustomCell */ = {
			isa = PBXGroup;
			children = (
				60A29EC721BBF33B00CA819C /* CustomCellCollectionViewCell.swift */,
				60A29EC821BBF33B00CA819C /* CustomCellCollectionViewCell.xib */,
			);
			path = CustomCell;
			sourceTree = "<group>";
		};
		60A29EC621BBF27F00CA819C /* supporting files */ = {
			isa = PBXGroup;
			children = (
				60A29ED021BCA9F700CA819C /* fontawesome-webfont.ttf */,
				60A29EAB21BBB1D200CA819C /* AppDelegate.swift */,
				60A29EB521BBB1D300CA819C /* Assets.xcassets */,
				60A29EDA21BCF5A300CA819C /* Localizable.strings */,
			);
			path = "supporting files";
			sourceTree = "<group>";
		};
/* End PBXGroup section */

/* Begin PBXNativeTarget section */
		60A29EA721BBB1D200CA819C /* CoreDataHomeworkNote */ = {
			isa = PBXNativeTarget;
			buildConfigurationList = 60A29EBD21BBB1D300CA819C /* Build configuration list for PBXNativeTarget "CoreDataHomeworkNote" */;
			buildPhases = (
				60A29EA421BBB1D200CA819C /* Sources */,
				60A29EA521BBB1D200CA819C /* Frameworks */,
				60A29EA621BBB1D200CA819C /* Resources */,
			);
			buildRules = (
			);
			dependencies = (
			);
			name = CoreDataHomeworkNote;
			productName = CoreDataHomeworkNote;
			productReference = 60A29EA821BBB1D200CA819C /* CoreDataHomeworkNote.app */;
			productType = "com.apple.product-type.application";
		};
/* End PBXNativeTarget section */

/* Begin PBXProject section */
		60A29EA021BBB1D200CA819C /* Project object */ = {
			isa = PBXProject;
			attributes = {
				LastSwiftUpdateCheck = 1010;
				LastUpgradeCheck = 1010;
				ORGANIZATIONNAME = "Kong Vungsovanreach";
				TargetAttributes = {
					60A29EA721BBB1D200CA819C = {
						CreatedOnToolsVersion = 10.1;
					};
				};
			};
			buildConfigurationList = 60A29EA321BBB1D200CA819C /* Build configuration list for PBXProject "CoreDataHomeworkNote" */;
			compatibilityVersion = "Xcode 9.3";
			developmentRegion = en;
			hasScannedForEncodings = 0;
			knownRegions = (
				en,
				Base,
				ko,
			);
			mainGroup = 60A29E9F21BBB1D200CA819C;
			productRefGroup = 60A29EA921BBB1D200CA819C /* Products */;
			projectDirPath = "";
			projectRoot = "";
			targets = (
				60A29EA721BBB1D200CA819C /* CoreDataHomeworkNote */,
			);
		};
/* End PBXProject section */

/* Begin PBXResourcesBuildPhase section */
		60A29EA621BBB1D200CA819C /* Resources */ = {
			isa = PBXResourcesBuildPhase;
			buildActionMask = 2147483647;
			files = (
				60A29EB921BBB1D300CA819C /* LaunchScreen.storyboard in Resources */,
				60A29ED821BCF5A300CA819C /* Localizable.strings in Resources */,
				60A29EB621BBB1D300CA819C /* Assets.xcassets in Resources */,
				60A29ED121BCAA0800CA819C /* fontawesome-webfont.ttf in Resources */,
				60A29ECA21BBF33B00CA819C /* CustomCellCollectionViewCell.xib in Resources */,
				60A29EB121BBB1D200CA819C /* Main.storyboard in Resources */,
			);
			runOnlyForDeploymentPostprocessing = 0;
		};
/* End PBXResourcesBuildPhase section */

/* Begin PBXSourcesBuildPhase section */
		60A29EA421BBB1D200CA819C /* Sources */ = {
			isa = PBXSourcesBuildPhase;
			buildActionMask = 2147483647;
			files = (
				60A29EAE21BBB1D200CA819C /* ViewController.swift in Sources */,
				60A29EC121BBF22B00CA819C /* NoteDetailViewController.swift in Sources */,
				60A29EB421BBB1D200CA819C /* CoreDataHomeworkNote.xcdatamodeld in Sources */,
				60A29EAC21BBB1D200CA819C /* AppDelegate.swift in Sources */,
				60A29EC921BBF33B00CA819C /* CustomCellCollectionViewCell.swift in Sources */,
			);
			runOnlyForDeploymentPostprocessing = 0;
		};
/* End PBXSourcesBuildPhase section */

/* Begin PBXVariantGroup section */
		60A29EAF21BBB1D200CA819C /* Main.storyboard */ = {
			isa = PBXVariantGroup;
			children = (
				60A29EB021BBB1D200CA819C /* Base */,
				60A29ED221BCF28A00CA819C /* km */,
				60A29ED421BCF2A300CA819C /* ko */,
			);
			name = Main.storyboard;
			sourceTree = "<group>";
		};
		60A29EB721BBB1D300CA819C /* LaunchScreen.storyboard */ = {
			isa = PBXVariantGroup;
			children = (
				60A29EB821BBB1D300CA819C /* Base */,
				60A29ED321BCF28A00CA819C /* km */,
				60A29ED521BCF2A300CA819C /* ko */,
			);
			name = LaunchScreen.storyboard;
			sourceTree = "<group>";
		};
		60A29EDA21BCF5A300CA819C /* Localizable.strings */ = {
			isa = PBXVariantGroup;
			children = (
				60A29ED921BCF5A300CA819C /* km */,
				60A29EDB21BCF5D000CA819C /* ko */,
			);
			name = Localizable.strings;
			sourceTree = "<group>";
		};
/* End PBXVariantGroup section */

/* Begin XCBuildConfiguration section */
		60A29EBB21BBB1D300CA819C /* Debug */ = {
			isa = XCBuildConfiguration;
			buildSettings = {
				ALWAYS_SEARCH_USER_PATHS = NO;
				CLANG_ANALYZER_LOCALIZABILITY_NONLOCALIZED = YES;
				CLANG_ANALYZER_NONNULL = YES;
				CLANG_ANALYZER_NUMBER_OBJECT_CONVERSION = YES_AGGRESSIVE;
				CLANG_CXX_LANGUAGE_STANDARD = "gnu++14";
				CLANG_CXX_LIBRARY = "libc++";
				CLANG_ENABLE_MODULES = YES;
				CLANG_ENABLE_OBJC_ARC = YES;
				CLANG_ENABLE_OBJC_WEAK = YES;
				CLANG_WARN_BLOCK_CAPTURE_AUTORELEASING = YES;
				CLANG_WARN_BOOL_CONVERSION = YES;
				CLANG_WARN_COMMA = YES;
				CLANG_WARN_CONSTANT_CONVERSION = YES;
				CLANG_WARN_DEPRECATED_OBJC_IMPLEMENTATIONS = YES;
				CLANG_WARN_DIRECT_OBJC_ISA_USAGE = YES_ERROR;
				CLANG_WARN_DOCUMENTATION_COMMENTS = YES;
				CLANG_WARN_EMPTY_BODY = YES;
				CLANG_WARN_ENUM_CONVERSION = YES;
				CLANG_WARN_INFINITE_RECURSION = YES;
				CLANG_WARN_INT_CONVERSION = YES;
				CLANG_WARN_NON_LITERAL_NULL_CONVERSION = YES;
				CLANG_WARN_OBJC_IMPLICIT_RETAIN_SELF = YES;
				CLANG_WARN_OBJC_LITERAL_CONVERSION = YES;
				CLANG_WARN_OBJC_ROOT_CLASS = YES_ERROR;
				CLANG_WARN_RANGE_LOOP_ANALYSIS = YES;
				CLANG_WARN_STRICT_PROTOTYPES = YES;
				CLANG_WARN_SUSPICIOUS_MOVE = YES;
				CLANG_WARN_UNGUARDED_AVAILABILITY = YES_AGGRESSIVE;
				CLANG_WARN_UNREACHABLE_CODE = YES;
				CLANG_WARN__DUPLICATE_METHOD_MATCH = YES;
				CODE_SIGN_IDENTITY = "iPhone Developer";
				COPY_PHASE_STRIP = NO;
				DEBUG_INFORMATION_FORMAT = dwarf;
				ENABLE_STRICT_OBJC_MSGSEND = YES;
				ENABLE_TESTABILITY = YES;
				GCC_C_LANGUAGE_STANDARD = gnu11;
				GCC_DYNAMIC_NO_PIC = NO;
				GCC_NO_COMMON_BLOCKS = YES;
				GCC_OPTIMIZATION_LEVEL = 0;
				GCC_PREPROCESSOR_DEFINITIONS = (
					"DEBUG=1",
					"$(inherited)",
				);
				GCC_WARN_64_TO_32_BIT_CONVERSION = YES;
				GCC_WARN_ABOUT_RETURN_TYPE = YES_ERROR;
				GCC_WARN_UNDECLARED_SELECTOR = YES;
				GCC_WARN_UNINITIALIZED_AUTOS = YES_AGGRESSIVE;
				GCC_WARN_UNUSED_FUNCTION = YES;
				GCC_WARN_UNUSED_VARIABLE = YES;
				IPHONEOS_DEPLOYMENT_TARGET = 12.1;
				MTL_ENABLE_DEBUG_INFO = INCLUDE_SOURCE;
				MTL_FAST_MATH = YES;
				ONLY_ACTIVE_ARCH = YES;
				SDKROOT = iphoneos;
				SWIFT_ACTIVE_COMPILATION_CONDITIONS = DEBUG;
				SWIFT_OPTIMIZATION_LEVEL = "-Onone";
			};
			name = Debug;
		};
		60A29EBC21BBB1D300CA819C /* Release */ = {
			isa = XCBuildConfiguration;
			buildSettings = {
				ALWAYS_SEARCH_USER_PATHS = NO;
				CLANG_ANALYZER_LOCALIZABILITY_NONLOCALIZED = YES;
				CLANG_ANALYZER_NONNULL = YES;
				CLANG_ANALYZER_NUMBER_OBJECT_CONVERSION = YES_AGGRESSIVE;
				CLANG_CXX_LANGUAGE_STANDARD = "gnu++14";
				CLANG_CXX_LIBRARY = "libc++";
				CLANG_ENABLE_MODULES = YES;
				CLANG_ENABLE_OBJC_ARC = YES;
				CLANG_ENABLE_OBJC_WEAK = YES;
				CLANG_WARN_BLOCK_CAPTURE_AUTORELEASING = YES;
				CLANG_WARN_BOOL_CONVERSION = YES;
				CLANG_WARN_COMMA = YES;
				CLANG_WARN_CONSTANT_CONVERSION = YES;
				CLANG_WARN_DEPRECATED_OBJC_IMPLEMENTATIONS = YES;
				CLANG_WARN_DIRECT_OBJC_ISA_USAGE = YES_ERROR;
				CLANG_WARN_DOCUMENTATION_COMMENTS = YES;
				CLANG_WARN_EMPTY_BODY = YES;
				CLANG_WARN_ENUM_CONVERSION = YES;
				CLANG_WARN_INFINITE_RECURSION = YES;
				CLANG_WARN_INT_CONVERSION = YES;
				CLANG_WARN_NON_LITERAL_NULL_CONVERSION = YES;
				CLANG_WARN_OBJC_IMPLICIT_RETAIN_SELF = YES;
				CLANG_WARN_OBJC_LITERAL_CONVERSION = YES;
				CLANG_WARN_OBJC_ROOT_CLASS = YES_ERROR;
				CLANG_WARN_RANGE_LOOP_ANALYSIS = YES;
				CLANG_WARN_STRICT_PROTOTYPES = YES;
				CLANG_WARN_SUSPICIOUS_MOVE = YES;
				CLANG_WARN_UNGUARDED_AVAILABILITY = YES_AGGRESSIVE;
				CLANG_WARN_UNREACHABLE_CODE = YES;
				CLANG_WARN__DUPLICATE_METHOD_MATCH = YES;
				CODE_SIGN_IDENTITY = "iPhone Developer";
				COPY_PHASE_STRIP = NO;
				DEBUG_INFORMATION_FORMAT = "dwarf-with-dsym";
				ENABLE_NS_ASSERTIONS = NO;
				ENABLE_STRICT_OBJC_MSGSEND = YES;
				GCC_C_LANGUAGE_STANDARD = gnu11;
				GCC_NO_COMMON_BLOCKS = YES;
				GCC_WARN_64_TO_32_BIT_CONVERSION = YES;
				GCC_WARN_ABOUT_RETURN_TYPE = YES_ERROR;
				GCC_WARN_UNDECLARED_SELECTOR = YES;
				GCC_WARN_UNINITIALIZED_AUTOS = YES_AGGRESSIVE;
				GCC_WARN_UNUSED_FUNCTION = YES;
				GCC_WARN_UNUSED_VARIABLE = YES;
				IPHONEOS_DEPLOYMENT_TARGET = 12.1;
				MTL_ENABLE_DEBUG_INFO = NO;
				MTL_FAST_MATH = YES;
				SDKROOT = iphoneos;
				SWIFT_COMPILATION_MODE = wholemodule;
				SWIFT_OPTIMIZATION_LEVEL = "-O";
				VALIDATE_PRODUCT = YES;
			};
			name = Release;
		};
		60A29EBE21BBB1D300CA819C /* Debug */ = {
			isa = XCBuildConfiguration;
			buildSettings = {
				ASSETCATALOG_COMPILER_APPICON_NAME = AppIcon;
				CODE_SIGN_STYLE = Automatic;
				DEVELOPMENT_TEAM = 4A5VCVN5Z5;
				INFOPLIST_FILE = CoreDataHomeworkNote/Info.plist;
				LD_RUNPATH_SEARCH_PATHS = (
					"$(inherited)",
					"@executable_path/Frameworks",
				);
				PRODUCT_BUNDLE_IDENTIFIER = com.kongvungsovanreach.kh.CoreDataHomeworkNote;
				PRODUCT_NAME = "$(TARGET_NAME)";
				SWIFT_VERSION = 4.2;
				TARGETED_DEVICE_FAMILY = "1,2";
			};
			name = Debug;
		};
		60A29EBF21BBB1D300CA819C /* Release */ = {
			isa = XCBuildConfiguration;
			buildSettings = {
				ASSETCATALOG_COMPILER_APPICON_NAME = AppIcon;
				CODE_SIGN_STYLE = Automatic;
				DEVELOPMENT_TEAM = 4A5VCVN5Z5;
				INFOPLIST_FILE = CoreDataHomeworkNote/Info.plist;
				LD_RUNPATH_SEARCH_PATHS = (
					"$(inherited)",
					"@executable_path/Frameworks",
				);
				PRODUCT_BUNDLE_IDENTIFIER = com.kongvungsovanreach.kh.CoreDataHomeworkNote;
				PRODUCT_NAME = "$(TARGET_NAME)";
				SWIFT_VERSION = 4.2;
				TARGETED_DEVICE_FAMILY = "1,2";
			};
			name = Release;
		};
/* End XCBuildConfiguration section */

/* Begin XCConfigurationList section */
		60A29EA321BBB1D200CA819C /* Build configuration list for PBXProject "CoreDataHomeworkNote" */ = {
			isa = XCConfigurationList;
			buildConfigurations = (
				60A29EBB21BBB1D300CA819C /* Debug */,
				60A29EBC21BBB1D300CA819C /* Release */,
			);
			defaultConfigurationIsVisible = 0;
			defaultConfigurationName = Release;
		};
		60A29EBD21BBB1D300CA819C /* Build configuration list for PBXNativeTarget "CoreDataHomeworkNote" */ = {
			isa = XCConfigurationList;
			buildConfigurations = (
				60A29EBE21BBB1D300CA819C /* Debug */,
				60A29EBF21BBB1D300CA819C /* Release */,
			);
			defaultConfigurationIsVisible = 0;
			defaultConfigurationName = Release;
		};
/* End XCConfigurationList section */

/* Begin XCVersionGroup section */
		60A29EB221BBB1D200CA819C /* CoreDataHomeworkNote.xcdatamodeld */ = {
			isa = XCVersionGroup;
			children = (
				60A29EB321BBB1D200CA819C /* CoreDataHomeworkNote.xcdatamodel */,
			);
			currentVersion = 60A29EB321BBB1D200CA819C /* CoreDataHomeworkNote.xcdatamodel */;
			path = CoreDataHomeworkNote.xcdatamodeld;
			sourceTree = "<group>";
			versionGroupType = wrapper.xcdatamodel;
		};
/* End XCVersionGroup section */
	};
	rootObject = 60A29EA021BBB1D200CA819C /* Project object */;
}
